{
  "name": "examen",
  "version": "1.0.0",
  "lockfileVersion": 1,
  "requires": true,
  "dependencies": {
    "bower": {
      "version": "1.7.9",
      "resolved": "https://globaldevtools.bbva.com:443/artifactory/api/npm/npm-repo/bower/-/bower-1.7.9.tgz",
      "integrity": "sha1-tylsI5Pg117apso5ZIEy3SVYErA=",
      "dev": true
    }
  }
}
